
Microsoft Visual Studio Solution File, Format Version 11.00
# Visual Studio 2010
Project("{FAE04EC0-301F-11D3-BF4B-00C04F79EFBC}") = "Presentacion", "Presentacion\Presentacion.csproj", "{BB1BF322-514B-4DBB-9F94-84731044756B}"
EndProject
Project("{FAE04EC0-301F-11D3-BF4B-00C04F79EFBC}") = "Datos_IA", "Datos_IA\Datos_IA.csproj", "{F4D49C4B-884B-4676-8124-17B5009F219A}"
EndProject
Project("{FAE04EC0-301F-11D3-BF4B-00C04F79EFBC}") = "Negocio_IA", "Negocio_IA\Negocio_IA.csproj", "{B869EA39-62B0-44D3-B2AD-53AF170D07EF}"
EndProject
Project("{FAE04EC0-301F-11D3-BF4B-00C04F79EFBC}") = "Entidad_IA", "Entidad_IA\Entidad_IA.csproj", "{C88D105D-BF9E-4928-A57C-CF09BB20B194}"
EndProject
Global
	GlobalSection(SolutionConfigurationPlatforms) = preSolution
		Debug|Any CPU = Debug|Any CPU
		Debug|Mixed Platforms = Debug|Mixed Platforms
		Debug|x86 = Debug|x86
		Release|Any CPU = Release|Any CPU
		Release|Mixed Platforms = Release|Mixed Platforms
		Release|x86 = Release|x86
	EndGlobalSection
	GlobalSection(ProjectConfigurationPlatforms) = postSolution
		{BB1BF322-514B-4DBB-9F94-84731044756B}.Debug|Any CPU.ActiveCfg = Debug|x86
		{BB1BF322-514B-4DBB-9F94-84731044756B}.Debug|Mixed Platforms.ActiveCfg = Debug|x86
		{BB1BF322-514B-4DBB-9F94-84731044756B}.Debug|Mixed Platforms.Build.0 = Debug|x86
		{BB1BF322-514B-4DBB-9F94-84731044756B}.Debug|x86.ActiveCfg = Debug|x86
		{BB1BF322-514B-4DBB-9F94-84731044756B}.Debug|x86.Build.0 = Debug|x86
		{BB1BF322-514B-4DBB-9F94-84731044756B}.Release|Any CPU.ActiveCfg = Release|x86
		{BB1BF322-514B-4DBB-9F94-84731044756B}.Release|Mixed Platforms.ActiveCfg = Release|x86
		{BB1BF322-514B-4DBB-9F94-84731044756B}.Release|Mixed Platforms.Build.0 = Release|x86
		{BB1BF322-514B-4DBB-9F94-84731044756B}.Release|x86.ActiveCfg = Release|x86
		{BB1BF322-514B-4DBB-9F94-84731044756B}.Release|x86.Build.0 = Release|x86
		{F4D49C4B-884B-4676-8124-17B5009F219A}.Debug|Any CPU.ActiveCfg = Debug|Any CPU
		{F4D49C4B-884B-4676-8124-17B5009F219A}.Debug|Any CPU.Build.0 = Debug|Any CPU
		{F4D49C4B-884B-4676-8124-17B5009F219A}.Debug|Mixed Platforms.ActiveCfg = Debug|Any CPU
		{F4D49C4B-884B-4676-8124-17B5009F219A}.Debug|Mixed Platforms.Build.0 = Debug|Any CPU
		{F4D49C4B-884B-4676-8124-17B5009F219A}.Debug|x86.ActiveCfg = Debug|Any CPU
		{F4D49C4B-884B-4676-8124-17B5009F219A}.Release|Any CPU.ActiveCfg = Release|Any CPU
		{F4D49C4B-884B-4676-8124-17B5009F219A}.Release|Any CPU.Build.0 = Release|Any CPU
		{F4D49C4B-884B-4676-8124-17B5009F219A}.Release|Mixed Platforms.ActiveCfg = Release|Any CPU
		{F4D49C4B-884B-4676-8124-17B5009F219A}.Release|Mixed Platforms.Build.0 = Release|Any CPU
		{F4D49C4B-884B-4676-8124-17B5009F219A}.Release|x86.ActiveCfg = Release|Any CPU
		{B869EA39-62B0-44D3-B2AD-53AF170D07EF}.Debug|Any CPU.ActiveCfg = Debug|Any CPU
		{B869EA39-62B0-44D3-B2AD-53AF170D07EF}.Debug|Any CPU.Build.0 = Debug|Any CPU
		{B869EA39-62B0-44D3-B2AD-53AF170D07EF}.Debug|Mixed Platforms.ActiveCfg = Debug|Any CPU
		{B869EA39-62B0-44D3-B2AD-53AF170D07EF}.Debug|Mixed Platforms.Build.0 = Debug|Any CPU
		{B869EA39-62B0-44D3-B2AD-53AF170D07EF}.Debug|x86.ActiveCfg = Debug|Any CPU
		{B869EA39-62B0-44D3-B2AD-53AF170D07EF}.Release|Any CPU.ActiveCfg = Release|Any CPU
		{B869EA39-62B0-44D3-B2AD-53AF170D07EF}.Release|Any CPU.Build.0 = Release|Any CPU
		{B869EA39-62B0-44D3-B2AD-53AF170D07EF}.Release|Mixed Platforms.ActiveCfg = Release|Any CPU
		{B869EA39-62B0-44D3-B2AD-53AF170D07EF}.Release|Mixed Platforms.Build.0 = Release|Any CPU
		{B869EA39-62B0-44D3-B2AD-53AF170D07EF}.Release|x86.ActiveCfg = Release|Any CPU
		{C88D105D-BF9E-4928-A57C-CF09BB20B194}.Debug|Any CPU.ActiveCfg = Debug|Any CPU
		{C88D105D-BF9E-4928-A57C-CF09BB20B194}.Debug|Any CPU.Build.0 = Debug|Any CPU
		{C88D105D-BF9E-4928-A57C-CF09BB20B194}.Debug|Mixed Platforms.ActiveCfg = Debug|Any CPU
		{C88D105D-BF9E-4928-A57C-CF09BB20B194}.Debug|Mixed Platforms.Build.0 = Debug|Any CPU
		{C88D105D-BF9E-4928-A57C-CF09BB20B194}.Debug|x86.ActiveCfg = Debug|Any CPU
		{C88D105D-BF9E-4928-A57C-CF09BB20B194}.Release|Any CPU.ActiveCfg = Release|Any CPU
		{C88D105D-BF9E-4928-A57C-CF09BB20B194}.Release|Any CPU.Build.0 = Release|Any CPU
		{C88D105D-BF9E-4928-A57C-CF09BB20B194}.Release|Mixed Platforms.ActiveCfg = Release|Any CPU
		{C88D105D-BF9E-4928-A57C-CF09BB20B194}.Release|Mixed Platforms.Build.0 = Release|Any CPU
		{C88D105D-BF9E-4928-A57C-CF09BB20B194}.Release|x86.ActiveCfg = Release|Any CPU
	EndGlobalSection
	GlobalSection(SolutionProperties) = preSolution
		HideSolutionNode = FALSE
	EndGlobalSection
EndGlobal
